
Microsoft Visual Studio Solution File, Format Version 12.00
# Visual Studio Version 16
VisualStudioVersion = 16.0.32630.194
MinimumVisualStudioVersion = 10.0.40219.1
Project("{FAE04EC0-301F-11D3-BF4B-00C04F79EFBC}") = "movies-api", "movies-api.csproj", "{1123E0CF-2BE4-4C34-8CB2-CCA50A567925}"
EndProject
Project("{FAE04EC0-301F-11D3-BF4B-00C04F79EFBC}") = "movies-api.Tests", "..\movies-api.Tests\movies-api.Tests.csproj", "{877EEEE4-D162-483D-ADB8-ACBBCF96EF83}"
EndProject
Global
	GlobalSection(SolutionConfigurationPlatforms) = preSolution
		Debug|Any CPU = Debug|Any CPU
		Release|Any CPU = Release|Any CPU
	EndGlobalSection
	GlobalSection(ProjectConfigurationPlatforms) = postSolution
		{1123E0CF-2BE4-4C34-8CB2-CCA50A567925}.Debug|Any CPU.ActiveCfg = Debug|Any CPU
		{1123E0CF-2BE4-4C34-8CB2-CCA50A567925}.Debug|Any CPU.Build.0 = Debug|Any CPU
		{1123E0CF-2BE4-4C34-8CB2-CCA50A567925}.Release|Any CPU.ActiveCfg = Release|Any CPU
		{1123E0CF-2BE4-4C34-8CB2-CCA50A567925}.Release|Any CPU.Build.0 = Release|Any CPU
		{877EEEE4-D162-483D-ADB8-ACBBCF96EF83}.Debug|Any CPU.ActiveCfg = Debug|Any CPU
		{877EEEE4-D162-483D-ADB8-ACBBCF96EF83}.Debug|Any CPU.Build.0 = Debug|Any CPU
		{877EEEE4-D162-483D-ADB8-ACBBCF96EF83}.Release|Any CPU.ActiveCfg = Release|Any CPU
		{877EEEE4-D162-483D-ADB8-ACBBCF96EF83}.Release|Any CPU.Build.0 = Release|Any CPU
	EndGlobalSection
	GlobalSection(SolutionProperties) = preSolution
		HideSolutionNode = FALSE
	EndGlobalSection
	GlobalSection(ExtensibilityGlobals) = postSolution
		SolutionGuid = {1B0E379A-3DB1-468E-8004-5E4A241738D4}
	EndGlobalSection
EndGlobal
